
Microsoft Visual Studio Solution File, Format Version 12.00
# Visual Studio Version 16
VisualStudioVersion = 16.0.31624.102
MinimumVisualStudioVersion = 10.0.40219.1
Project("{FAE04EC0-301F-11D3-BF4B-00C04F79EFBC}") = "Ex1", "Ex1\Ex1.csproj", "{C414C606-34AF-43BD-B776-810DAED3850B}"
EndProject
Project("{FAE04EC0-301F-11D3-BF4B-00C04F79EFBC}") = "Ex2", "Ex2\Ex2.csproj", "{F0F4DF24-142A-449E-AC3B-97ED09D13255}"
EndProject
Project("{FAE04EC0-301F-11D3-BF4B-00C04F79EFBC}") = "Ex3", "Ex3\Ex3.csproj", "{7830660C-924E-45DD-9C4F-934E2BC35C6E}"
EndProject
Project("{FAE04EC0-301F-11D3-BF4B-00C04F79EFBC}") = "Ex4", "Ex4\Ex4.csproj", "{842E9492-0A76-4083-B606-056015E6F3CA}"
EndProject
Project("{FAE04EC0-301F-11D3-BF4B-00C04F79EFBC}") = "Ex5", "Ex5\Ex5.csproj", "{8868A69B-7195-4AE0-B670-275FCED086F5}"
EndProject
Project("{FAE04EC0-301F-11D3-BF4B-00C04F79EFBC}") = "Ex6", "Ex6\Ex6.csproj", "{42BDEF6B-5924-4489-AB11-42C5D98C83B4}"
EndProject
Project("{FAE04EC0-301F-11D3-BF4B-00C04F79EFBC}") = "Ex7", "Ex7\Ex7.csproj", "{4804B4FD-E7CF-414B-8EC3-FDF299B7A85B}"
EndProject
Project("{FAE04EC0-301F-11D3-BF4B-00C04F79EFBC}") = "Ex8", "Ex8\Ex8.csproj", "{A6E1470E-69D4-442B-A135-EFF3B98D5019}"
EndProject
Project("{FAE04EC0-301F-11D3-BF4B-00C04F79EFBC}") = "Ex9", "Ex9\Ex9.csproj", "{406A678D-C26E-408B-A8E4-CE5BA14B9701}"
EndProject
Project("{FAE04EC0-301F-11D3-BF4B-00C04F79EFBC}") = "Ex10", "Ex10\Ex10.csproj", "{6CBF778E-B387-4F8B-B673-31F39D3812E4}"
EndProject
Project("{FAE04EC0-301F-11D3-BF4B-00C04F79EFBC}") = "Ex11", "Ex11\Ex11.csproj", "{6B2BEF37-F838-4EF8-8150-1F378C5A13F4}"
EndProject
Project("{FAE04EC0-301F-11D3-BF4B-00C04F79EFBC}") = "Ex12", "Ex12\Ex12.csproj", "{5282F8AF-4D22-4196-8474-83D78C04F0C5}"
EndProject
Global
	GlobalSection(SolutionConfigurationPlatforms) = preSolution
		Debug|Any CPU = Debug|Any CPU
		Release|Any CPU = Release|Any CPU
	EndGlobalSection
	GlobalSection(ProjectConfigurationPlatforms) = postSolution
		{C414C606-34AF-43BD-B776-810DAED3850B}.Debug|Any CPU.ActiveCfg = Debug|Any CPU
		{C414C606-34AF-43BD-B776-810DAED3850B}.Debug|Any CPU.Build.0 = Debug|Any CPU
		{C414C606-34AF-43BD-B776-810DAED3850B}.Release|Any CPU.ActiveCfg = Release|Any CPU
		{C414C606-34AF-43BD-B776-810DAED3850B}.Release|Any CPU.Build.0 = Release|Any CPU
		{F0F4DF24-142A-449E-AC3B-97ED09D13255}.Debug|Any CPU.ActiveCfg = Debug|Any CPU
		{F0F4DF24-142A-449E-AC3B-97ED09D13255}.Debug|Any CPU.Build.0 = Debug|Any CPU
		{F0F4DF24-142A-449E-AC3B-97ED09D13255}.Release|Any CPU.ActiveCfg = Release|Any CPU
		{F0F4DF24-142A-449E-AC3B-97ED09D13255}.Release|Any CPU.Build.0 = Release|Any CPU
		{7830660C-924E-45DD-9C4F-934E2BC35C6E}.Debug|Any CPU.ActiveCfg = Debug|Any CPU
		{7830660C-924E-45DD-9C4F-934E2BC35C6E}.Debug|Any CPU.Build.0 = Debug|Any CPU
		{7830660C-924E-45DD-9C4F-934E2BC35C6E}.Release|Any CPU.ActiveCfg = Release|Any CPU
		{7830660C-924E-45DD-9C4F-934E2BC35C6E}.Release|Any CPU.Build.0 = Release|Any CPU
		{842E9492-0A76-4083-B606-056015E6F3CA}.Debug|Any CPU.ActiveCfg = Debug|Any CPU
		{842E9492-0A76-4083-B606-056015E6F3CA}.Debug|Any CPU.Build.0 = Debug|Any CPU
		{842E9492-0A76-4083-B606-056015E6F3CA}.Release|Any CPU.ActiveCfg = Release|Any CPU
		{842E9492-0A76-4083-B606-056015E6F3CA}.Release|Any CPU.Build.0 = Release|Any CPU
		{8868A69B-7195-4AE0-B670-275FCED086F5}.Debug|Any CPU.ActiveCfg = Debug|Any CPU
		{8868A69B-7195-4AE0-B670-275FCED086F5}.Debug|Any CPU.Build.0 = Debug|Any CPU
		{8868A69B-7195-4AE0-B670-275FCED086F5}.Release|Any CPU.ActiveCfg = Release|Any CPU
		{8868A69B-7195-4AE0-B670-275FCED086F5}.Release|Any CPU.Build.0 = Release|Any CPU
		{42BDEF6B-5924-4489-AB11-42C5D98C83B4}.Debug|Any CPU.ActiveCfg = Debug|Any CPU
		{42BDEF6B-5924-4489-AB11-42C5D98C83B4}.Debug|Any CPU.Build.0 = Debug|Any CPU
		{42BDEF6B-5924-4489-AB11-42C5D98C83B4}.Release|Any CPU.ActiveCfg = Release|Any CPU
		{42BDEF6B-5924-4489-AB11-42C5D98C83B4}.Release|Any CPU.Build.0 = Release|Any CPU
		{4804B4FD-E7CF-414B-8EC3-FDF299B7A85B}.Debug|Any CPU.ActiveCfg = Debug|Any CPU
		{4804B4FD-E7CF-414B-8EC3-FDF299B7A85B}.Debug|Any CPU.Build.0 = Debug|Any CPU
		{4804B4FD-E7CF-414B-8EC3-FDF299B7A85B}.Release|Any CPU.ActiveCfg = Release|Any CPU
		{4804B4FD-E7CF-414B-8EC3-FDF299B7A85B}.Release|Any CPU.Build.0 = Release|Any CPU
		{A6E1470E-69D4-442B-A135-EFF3B98D5019}.Debug|Any CPU.ActiveCfg = Debug|Any CPU
		{A6E1470E-69D4-442B-A135-EFF3B98D5019}.Debug|Any CPU.Build.0 = Debug|Any CPU
		{A6E1470E-69D4-442B-A135-EFF3B98D5019}.Release|Any CPU.ActiveCfg = Release|Any CPU
		{A6E1470E-69D4-442B-A135-EFF3B98D5019}.Release|Any CPU.Build.0 = Release|Any CPU
		{406A678D-C26E-408B-A8E4-CE5BA14B9701}.Debug|Any CPU.ActiveCfg = Debug|Any CPU
		{406A678D-C26E-408B-A8E4-CE5BA14B9701}.Debug|Any CPU.Build.0 = Debug|Any CPU
		{406A678D-C26E-408B-A8E4-CE5BA14B9701}.Release|Any CPU.ActiveCfg = Release|Any CPU
		{406A678D-C26E-408B-A8E4-CE5BA14B9701}.Release|Any CPU.Build.0 = Release|Any CPU
		{6CBF778E-B387-4F8B-B673-31F39D3812E4}.Debug|Any CPU.ActiveCfg = Debug|Any CPU
		{6CBF778E-B387-4F8B-B673-31F39D3812E4}.Debug|Any CPU.Build.0 = Debug|Any CPU
		{6CBF778E-B387-4F8B-B673-31F39D3812E4}.Release|Any CPU.ActiveCfg = Release|Any CPU
		{6CBF778E-B387-4F8B-B673-31F39D3812E4}.Release|Any CPU.Build.0 = Release|Any CPU
		{6B2BEF37-F838-4EF8-8150-1F378C5A13F4}.Debug|Any CPU.ActiveCfg = Debug|Any CPU
		{6B2BEF37-F838-4EF8-8150-1F378C5A13F4}.Debug|Any CPU.Build.0 = Debug|Any CPU
		{6B2BEF37-F838-4EF8-8150-1F378C5A13F4}.Release|Any CPU.ActiveCfg = Release|Any CPU
		{6B2BEF37-F838-4EF8-8150-1F378C5A13F4}.Release|Any CPU.Build.0 = Release|Any CPU
		{5282F8AF-4D22-4196-8474-83D78C04F0C5}.Debug|Any CPU.ActiveCfg = Debug|Any CPU
		{5282F8AF-4D22-4196-8474-83D78C04F0C5}.Debug|Any CPU.Build.0 = Debug|Any CPU
		{5282F8AF-4D22-4196-8474-83D78C04F0C5}.Release|Any CPU.ActiveCfg = Release|Any CPU
		{5282F8AF-4D22-4196-8474-83D78C04F0C5}.Release|Any CPU.Build.0 = Release|Any CPU
	EndGlobalSection
	GlobalSection(SolutionProperties) = preSolution
		HideSolutionNode = FALSE
	EndGlobalSection
	GlobalSection(ExtensibilityGlobals) = postSolution
		SolutionGuid = {3459E592-EFFD-4D63-8717-737DE9A46315}
	EndGlobalSection
EndGlobal
